
Microsoft Visual Studio Solution File, Format Version 12.00
# Visual Studio Version 17
VisualStudioVersion = 17.14.36401.2 d17.14
MinimumVisualStudioVersion = 10.0.40219.1
Project("{FAE04EC0-301F-11D3-BF4B-00C04F79EFBC}") = "TipCalculator", "TipCalculator\TipCalculator.csproj", "{766D71D8-6CA2-4359-9CDD-89C6C31F8F14}"
EndProject
Global
	GlobalSection(SolutionConfigurationPlatforms) = preSolution
		Debug|Any CPU = Debug|Any CPU
		Release|Any CPU = Release|Any CPU
	EndGlobalSection
	GlobalSection(ProjectConfigurationPlatforms) = postSolution
		{766D71D8-6CA2-4359-9CDD-89C6C31F8F14}.Debug|Any CPU.ActiveCfg = Debug|Any CPU
		{766D71D8-6CA2-4359-9CDD-89C6C31F8F14}.Debug|Any CPU.Build.0 = Debug|Any CPU
		{766D71D8-6CA2-4359-9CDD-89C6C31F8F14}.Release|Any CPU.ActiveCfg = Release|Any CPU
		{766D71D8-6CA2-4359-9CDD-89C6C31F8F14}.Release|Any CPU.Build.0 = Release|Any CPU
	EndGlobalSection
	GlobalSection(SolutionProperties) = preSolution
		HideSolutionNode = FALSE
	EndGlobalSection
	GlobalSection(ExtensibilityGlobals) = postSolution
		SolutionGuid = {67F1D1FC-31FE-4642-A3EA-422EF85F8FA8}
	EndGlobalSection
EndGlobal
